
Microsoft Visual Studio Solution File, Format Version 12.00
# Visual Studio Version 17
VisualStudioVersion = 17.5.002.0
MinimumVisualStudioVersion = 10.0.40219.1
Project("{9A19103F-16F7-4668-BE54-9A1E7A4F7556}") = "Example02.1", "Example02.1.csproj", "{74D55305-5189-45EC-AACC-EAAD16241E16}"
EndProject
Global
	GlobalSection(SolutionConfigurationPlatforms) = preSolution
		Debug|Any CPU = Debug|Any CPU
		Release|Any CPU = Release|Any CPU
	EndGlobalSection
	GlobalSection(ProjectConfigurationPlatforms) = postSolution
		{74D55305-5189-45EC-AACC-EAAD16241E16}.Debug|Any CPU.ActiveCfg = Debug|Any CPU
		{74D55305-5189-45EC-AACC-EAAD16241E16}.Debug|Any CPU.Build.0 = Debug|Any CPU
		{74D55305-5189-45EC-AACC-EAAD16241E16}.Release|Any CPU.ActiveCfg = Release|Any CPU
		{74D55305-5189-45EC-AACC-EAAD16241E16}.Release|Any CPU.Build.0 = Release|Any CPU
	EndGlobalSection
	GlobalSection(SolutionProperties) = preSolution
		HideSolutionNode = FALSE
	EndGlobalSection
	GlobalSection(ExtensibilityGlobals) = postSolution
		SolutionGuid = {A16D5446-4033-41F3-8DB6-1C0A9C8ADF87}
	EndGlobalSection
EndGlobal
